// !$*UTF8*$!
{
	archiveVersion = 1;
	classes = {
	};
	objectVersion = 56;
	objects = {

/* Begin PBXBuildFile section */
		8F47AF7E2BCB3D80009D8EFC /* workoutData.xcdatamodeld in Sources */ = {isa = PBXBuildFile; fileRef = 8F47AF7C2BCB3D80009D8EFC /* workoutData.xcdatamodeld */; };
		8F47AF852BCB3F28009D8EFC /* Entity+CoreDataClass.swift in Sources */ = {isa = PBXBuildFile; fileRef = 8F47AF832BCB3F28009D8EFC /* Entity+CoreDataClass.swift */; };
		8F47AF862BCB3F28009D8EFC /* Entity+CoreDataProperties.swift in Sources */ = {isa = PBXBuildFile; fileRef = 8F47AF842BCB3F28009D8EFC /* Entity+CoreDataProperties.swift */; };
		8F47AF8A2BCB461F009D8EFC /* CoreDataStack.swift in Sources */ = {isa = PBXBuildFile; fileRef = 8F47AF892BCB461F009D8EFC /* CoreDataStack.swift */; };
		8F47AF8C2BCC99F9009D8EFC /* Location.swift in Sources */ = {isa = PBXBuildFile; fileRef = 8F47AF8B2BCC99F9009D8EFC /* Location.swift */; };
		8F47AF8E2BCC9A24009D8EFC /* LocationManager.swift in Sources */ = {isa = PBXBuildFile; fileRef = 8F47AF8D2BCC9A24009D8EFC /* LocationManager.swift */; };
		8FA1879E2BA7BFBF00AADB8C /* finalprojectApp.swift in Sources */ = {isa = PBXBuildFile; fileRef = 8FA1879D2BA7BFBF00AADB8C /* finalprojectApp.swift */; };
		8FA187A02BA7BFBF00AADB8C /* ContentView.swift in Sources */ = {isa = PBXBuildFile; fileRef = 8FA1879F2BA7BFBF00AADB8C /* ContentView.swift */; };
		8FA187A22BA7BFC000AADB8C /* Assets.xcassets in Resources */ = {isa = PBXBuildFile; fileRef = 8FA187A12BA7BFC000AADB8C /* Assets.xcassets */; };
		8FA187A62BA7BFC000AADB8C /* Preview Assets.xcassets in Resources */ = {isa = PBXBuildFile; fileRef = 8FA187A52BA7BFC000AADB8C /* Preview Assets.xcassets */; };
		8FA187B02BA7BFC000AADB8C /* finalprojectTests.swift in Sources */ = {isa = PBXBuildFile; fileRef = 8FA187AF2BA7BFC000AADB8C /* finalprojectTests.swift */; };
		8FA187BA2BA7BFC000AADB8C /* finalprojectUITests.swift in Sources */ = {isa = PBXBuildFile; fileRef = 8FA187B92BA7BFC000AADB8C /* finalprojectUITests.swift */; };
		8FA187BC2BA7BFC000AADB8C /* finalprojectUITestsLaunchTests.swift in Sources */ = {isa = PBXBuildFile; fileRef = 8FA187BB2BA7BFC000AADB8C /* finalprojectUITestsLaunchTests.swift */; };
		8FA187C92BA7C20600AADB8C /* UserCredentials.swift in Sources */ = {isa = PBXBuildFile; fileRef = 8FA187C82BA7C20600AADB8C /* UserCredentials.swift */; };
		8FA187CB2BA7C24B00AADB8C /* CredentialViewModel.swift in Sources */ = {isa = PBXBuildFile; fileRef = 8FA187CA2BA7C24B00AADB8C /* CredentialViewModel.swift */; };
		8FA187CD2BA7C68800AADB8C /* Workout.swift in Sources */ = {isa = PBXBuildFile; fileRef = 8FA187CC2BA7C68800AADB8C /* Workout.swift */; };
		8FA187CF2BA7C6FF00AADB8C /* WorkoutViewModel.swift in Sources */ = {isa = PBXBuildFile; fileRef = 8FA187CE2BA7C6FF00AADB8C /* WorkoutViewModel.swift */; };
/* End PBXBuildFile section */

/* Begin PBXContainerItemProxy section */
		8FA187AC2BA7BFC000AADB8C /* PBXContainerItemProxy */ = {
			isa = PBXContainerItemProxy;
			containerPortal = 8FA187922BA7BFBF00AADB8C /* Project object */;
			proxyType = 1;
			remoteGlobalIDString = 8FA187992BA7BFBF00AADB8C;
			remoteInfo = finalproject;
		};
		8FA187B62BA7BFC000AADB8C /* PBXContainerItemProxy */ = {
			isa = PBXContainerItemProxy;
			containerPortal = 8FA187922BA7BFBF00AADB8C /* Project object */;
			proxyType = 1;
			remoteGlobalIDString = 8FA187992BA7BFBF00AADB8C;
			remoteInfo = finalproject;
		};
/* End PBXContainerItemProxy section */

/* Begin PBXFileReference section */
		8F47AF7D2BCB3D80009D8EFC /* workoutData.xcdatamodel */ = {isa = PBXFileReference; lastKnownFileType = wrapper.xcdatamodel; path = workoutData.xcdatamodel; sourceTree = "<group>"; };
		8F47AF832BCB3F28009D8EFC /* Entity+CoreDataClass.swift */ = {isa = PBXFileReference; lastKnownFileType = sourcecode.swift; name = "Entity+CoreDataClass.swift"; path = "finalproject/Entity+CoreDataClass.swift"; sourceTree = "<group>"; };
		8F47AF842BCB3F28009D8EFC /* Entity+CoreDataProperties.swift */ = {isa = PBXFileReference; lastKnownFileType = sourcecode.swift; name = "Entity+CoreDataProperties.swift"; path = "finalproject/Entity+CoreDataProperties.swift"; sourceTree = "<group>"; };
		8F47AF892BCB461F009D8EFC /* CoreDataStack.swift */ = {isa = PBXFileReference; lastKnownFileType = sourcecode.swift; path = CoreDataStack.swift; sourceTree = "<group>"; };
		8F47AF8B2BCC99F9009D8EFC /* Location.swift */ = {isa = PBXFileReference; lastKnownFileType = sourcecode.swift; path = Location.swift; sourceTree = "<group>"; };
		8F47AF8D2BCC9A24009D8EFC /* LocationManager.swift */ = {isa = PBXFileReference; lastKnownFileType = sourcecode.swift; path = LocationManager.swift; sourceTree = "<group>"; };
		8FA1879A2BA7BFBF00AADB8C /* finalproject.app */ = {isa = PBXFileReference; explicitFileType = wrapper.application; includeInIndex = 0; path = finalproject.app; sourceTree = BUILT_PRODUCTS_DIR; };
		8FA1879D2BA7BFBF00AADB8C /* finalprojectApp.swift */ = {isa = PBXFileReference; lastKnownFileType = sourcecode.swift; path = finalprojectApp.swift; sourceTree = "<group>"; };
		8FA1879F2BA7BFBF00AADB8C /* ContentView.swift */ = {isa = PBXFileReference; lastKnownFileType = sourcecode.swift; path = ContentView.swift; sourceTree = "<group>"; };
		8FA187A12BA7BFC000AADB8C /* Assets.xcassets */ = {isa = PBXFileReference; lastKnownFileType = folder.assetcatalog; path = Assets.xcassets; sourceTree = "<group>"; };
		8FA187A32BA7BFC000AADB8C /* finalproject.entitlements */ = {isa = PBXFileReference; lastKnownFileType = text.plist.entitlements; path = finalproject.entitlements; sourceTree = "<group>"; };
		8FA187A52BA7BFC000AADB8C /* Preview Assets.xcassets */ = {isa = PBXFileReference; lastKnownFileType = folder.assetcatalog; path = "Preview Assets.xcassets"; sourceTree = "<group>"; };
		8FA187AB2BA7BFC000AADB8C /* finalprojectTests.xctest */ = {isa = PBXFileReference; explicitFileType = wrapper.cfbundle; includeInIndex = 0; path = finalprojectTests.xctest; sourceTree = BUILT_PRODUCTS_DIR; };
		8FA187AF2BA7BFC000AADB8C /* finalprojectTests.swift */ = {isa = PBXFileReference; lastKnownFileType = sourcecode.swift; path = finalprojectTests.swift; sourceTree = "<group>"; };
		8FA187B52BA7BFC000AADB8C /* finalprojectUITests.xctest */ = {isa = PBXFileReference; explicitFileType = wrapper.cfbundle; includeInIndex = 0; path = finalprojectUITests.xctest; sourceTree = BUILT_PRODUCTS_DIR; };
		8FA187B92BA7BFC000AADB8C /* finalprojectUITests.swift */ = {isa = PBXFileReference; lastKnownFileType = sourcecode.swift; path = finalprojectUITests.swift; sourceTree = "<group>"; };
		8FA187BB2BA7BFC000AADB8C /* finalprojectUITestsLaunchTests.swift */ = {isa = PBXFileReference; lastKnownFileType = sourcecode.swift; path = finalprojectUITestsLaunchTests.swift; sourceTree = "<group>"; };
		8FA187C82BA7C20600AADB8C /* UserCredentials.swift */ = {isa = PBXFileReference; lastKnownFileType = sourcecode.swift; path = UserCredentials.swift; sourceTree = "<group>"; };
		8FA187CA2BA7C24B00AADB8C /* CredentialViewModel.swift */ = {isa = PBXFileReference; lastKnownFileType = sourcecode.swift; path = CredentialViewModel.swift; sourceTree = "<group>"; };
		8FA187CC2BA7C68800AADB8C /* Workout.swift */ = {isa = PBXFileReference; lastKnownFileType = sourcecode.swift; path = Workout.swift; sourceTree = "<group>"; };
		8FA187CE2BA7C6FF00AADB8C /* WorkoutViewModel.swift */ = {isa = PBXFileReference; lastKnownFileType = sourcecode.swift; path = WorkoutViewModel.swift; sourceTree = "<group>"; };
/* End PBXFileReference section */

/* Begin PBXFrameworksBuildPhase section */
		8FA187972BA7BFBF00AADB8C /* Frameworks */ = {
			isa = PBXFrameworksBuildPhase;
			buildActionMask = 2147483647;
			files = (
			);
			runOnlyForDeploymentPostprocessing = 0;
		};
		8FA187A82BA7BFC000AADB8C /* Frameworks */ = {
			isa = PBXFrameworksBuildPhase;
			buildActionMask = 2147483647;
			files = (
			);
			runOnlyForDeploymentPostprocessing = 0;
		};
		8FA187B22BA7BFC000AADB8C /* Frameworks */ = {
			isa = PBXFrameworksBuildPhase;
			buildActionMask = 2147483647;
			files = (
			);
			runOnlyForDeploymentPostprocessing = 0;
		};
/* End PBXFrameworksBuildPhase section */

/* Begin PBXGroup section */
		8FA187912BA7BFBF00AADB8C = {
			isa = PBXGroup;
			children = (
				8F47AF832BCB3F28009D8EFC /* Entity+CoreDataClass.swift */,
				8F47AF842BCB3F28009D8EFC /* Entity+CoreDataProperties.swift */,
				8FA1879C2BA7BFBF00AADB8C /* finalproject */,
				8FA187AE2BA7BFC000AADB8C /* finalprojectTests */,
				8FA187B82BA7BFC000AADB8C /* finalprojectUITests */,
				8FA1879B2BA7BFBF00AADB8C /* Products */,
			);
			sourceTree = "<group>";
		};
		8FA1879B2BA7BFBF00AADB8C /* Products */ = {
			isa = PBXGroup;
			children = (
				8FA1879A2BA7BFBF00AADB8C /* finalproject.app */,
				8FA187AB2BA7BFC000AADB8C /* finalprojectTests.xctest */,
				8FA187B52BA7BFC000AADB8C /* finalprojectUITests.xctest */,
			);
			name = Products;
			sourceTree = "<group>";
		};
		8FA1879C2BA7BFBF00AADB8C /* finalproject */ = {
			isa = PBXGroup;
			children = (
				8F47AF8D2BCC9A24009D8EFC /* LocationManager.swift */,
				8F47AF892BCB461F009D8EFC /* CoreDataStack.swift */,
				8FA1879D2BA7BFBF00AADB8C /* finalprojectApp.swift */,
				8FA1879F2BA7BFBF00AADB8C /* ContentView.swift */,
				8FA187A12BA7BFC000AADB8C /* Assets.xcassets */,
				8FA187A32BA7BFC000AADB8C /* finalproject.entitlements */,
				8FA187A42BA7BFC000AADB8C /* Preview Content */,
				8FA187C82BA7C20600AADB8C /* UserCredentials.swift */,
				8FA187CA2BA7C24B00AADB8C /* CredentialViewModel.swift */,
				8FA187CC2BA7C68800AADB8C /* Workout.swift */,
				8FA187CE2BA7C6FF00AADB8C /* WorkoutViewModel.swift */,
				8F47AF7C2BCB3D80009D8EFC /* workoutData.xcdatamodeld */,
				8F47AF8B2BCC99F9009D8EFC /* Location.swift */,
			);
			path = finalproject;
			sourceTree = "<group>";
		};
		8FA187A42BA7BFC000AADB8C /* Preview Content */ = {
			isa = PBXGroup;
			children = (
				8FA187A52BA7BFC000AADB8C /* Preview Assets.xcassets */,
			);
			path = "Preview Content";
			sourceTree = "<group>";
		};
		8FA187AE2BA7BFC000AADB8C /* finalprojectTests */ = {
			isa = PBXGroup;
			children = (
				8FA187AF2BA7BFC000AADB8C /* finalprojectTests.swift */,
			);
			path = finalprojectTests;
			sourceTree = "<group>";
		};
		8FA187B82BA7BFC000AADB8C /* finalprojectUITests */ = {
			isa = PBXGroup;
			children = (
				8FA187B92BA7BFC000AADB8C /* finalprojectUITests.swift */,
				8FA187BB2BA7BFC000AADB8C /* finalprojectUITestsLaunchTests.swift */,
			);
			path = finalprojectUITests;
			sourceTree = "<group>";
		};
/* End PBXGroup section */

/* Begin PBXNativeTarget section */
		8FA187992BA7BFBF00AADB8C /* finalproject */ = {
			isa = PBXNativeTarget;
			buildConfigurationList = 8FA187BF2BA7BFC000AADB8C /* Build configuration list for PBXNativeTarget "finalproject" */;
			buildPhases = (
				8FA187962BA7BFBF00AADB8C /* Sources */,
				8FA187972BA7BFBF00AADB8C /* Frameworks */,
				8FA187982BA7BFBF00AADB8C /* Resources */,
			);
			buildRules = (
			);
			dependencies = (
			);
			name = finalproject;
			productName = finalproject;
			productReference = 8FA1879A2BA7BFBF00AADB8C /* finalproject.app */;
			productType = "com.apple.product-type.application";
		};
		8FA187AA2BA7BFC000AADB8C /* finalprojectTests */ = {
			isa = PBXNativeTarget;
			buildConfigurationList = 8FA187C22BA7BFC000AADB8C /* Build configuration list for PBXNativeTarget "finalprojectTests" */;
			buildPhases = (
				8FA187A72BA7BFC000AADB8C /* Sources */,
				8FA187A82BA7BFC000AADB8C /* Frameworks */,
				8FA187A92BA7BFC000AADB8C /* Resources */,
			);
			buildRules = (
			);
			dependencies = (
				8FA187AD2BA7BFC000AADB8C /* PBXTargetDependency */,
			);
			name = finalprojectTests;
			productName = finalprojectTests;
			productReference = 8FA187AB2BA7BFC000AADB8C /* finalprojectTests.xctest */;
			productType = "com.apple.product-type.bundle.unit-test";
		};
		8FA187B42BA7BFC000AADB8C /* finalprojectUITests */ = {
			isa = PBXNativeTarget;
			buildConfigurationList = 8FA187C52BA7BFC000AADB8C /* Build configuration list for PBXNativeTarget "finalprojectUITests" */;
			buildPhases = (
				8FA187B12BA7BFC000AADB8C /* Sources */,
				8FA187B22BA7BFC000AADB8C /* Frameworks */,
				8FA187B32BA7BFC000AADB8C /* Resources */,
			);
			buildRules = (
			);
			dependencies = (
				8FA187B72BA7BFC000AADB8C /* PBXTargetDependency */,
			);
			name = finalprojectUITests;
			productName = finalprojectUITests;
			productReference = 8FA187B52BA7BFC000AADB8C /* finalprojectUITests.xctest */;
			productType = "com.apple.product-type.bundle.ui-testing";
		};
/* End PBXNativeTarget section */

/* Begin PBXProject section */
		8FA187922BA7BFBF00AADB8C /* Project object */ = {
			isa = PBXProject;
			attributes = {
				BuildIndependentTargetsInParallel = 1;
				LastSwiftUpdateCheck = 1520;
				LastUpgradeCheck = 1520;
				TargetAttributes = {
					8FA187992BA7BFBF00AADB8C = {
						CreatedOnToolsVersion = 15.2;
					};
					8FA187AA2BA7BFC000AADB8C = {
						CreatedOnToolsVersion = 15.2;
						TestTargetID = 8FA187992BA7BFBF00AADB8C;
					};
					8FA187B42BA7BFC000AADB8C = {
						CreatedOnToolsVersion = 15.2;
						TestTargetID = 8FA187992BA7BFBF00AADB8C;
					};
				};
			};
			buildConfigurationList = 8FA187952BA7BFBF00AADB8C /* Build configuration list for PBXProject "finalproject" */;
			compatibilityVersion = "Xcode 14.0";
			developmentRegion = en;
			hasScannedForEncodings = 0;
			knownRegions = (
				en,
				Base,
			);
			mainGroup = 8FA187912BA7BFBF00AADB8C;
			productRefGroup = 8FA1879B2BA7BFBF00AADB8C /* Products */;
			projectDirPath = "";
			projectRoot = "";
			targets = (
				8FA187992BA7BFBF00AADB8C /* finalproject */,
				8FA187AA2BA7BFC000AADB8C /* finalprojectTests */,
				8FA187B42BA7BFC000AADB8C /* finalprojectUITests */,
			);
		};
/* End PBXProject section */

/* Begin PBXResourcesBuildPhase section */
		8FA187982BA7BFBF00AADB8C /* Resources */ = {
			isa = PBXResourcesBuildPhase;
			buildActionMask = 2147483647;
			files = (
				8FA187A62BA7BFC000AADB8C /* Preview Assets.xcassets in Resources */,
				8FA187A22BA7BFC000AADB8C /* Assets.xcassets in Resources */,
			);
			runOnlyForDeploymentPostprocessing = 0;
		};
		8FA187A92BA7BFC000AADB8C /* Resources */ = {
			isa = PBXResourcesBuildPhase;
			buildActionMask = 2147483647;
			files = (
			);
			runOnlyForDeploymentPostprocessing = 0;
		};
		8FA187B32BA7BFC000AADB8C /* Resources */ = {
			isa = PBXResourcesBuildPhase;
			buildActionMask = 2147483647;
			files = (
			);
			runOnlyForDeploymentPostprocessing = 0;
		};
/* End PBXResourcesBuildPhase section */

/* Begin PBXSourcesBuildPhase section */
		8FA187962BA7BFBF00AADB8C /* Sources */ = {
			isa = PBXSourcesBuildPhase;
			buildActionMask = 2147483647;
			files = (
				8FA187A02BA7BFBF00AADB8C /* ContentView.swift in Sources */,
				8F47AF8C2BCC99F9009D8EFC /* Location.swift in Sources */,
				8FA1879E2BA7BFBF00AADB8C /* finalprojectApp.swift in Sources */,
				8FA187C92BA7C20600AADB8C /* UserCredentials.swift in Sources */,
				8F47AF862BCB3F28009D8EFC /* Entity+CoreDataProperties.swift in Sources */,
				8F47AF7E2BCB3D80009D8EFC /* workoutData.xcdatamodeld in Sources */,
				8F47AF8A2BCB461F009D8EFC /* CoreDataStack.swift in Sources */,
				8FA187CD2BA7C68800AADB8C /* Workout.swift in Sources */,
				8F47AF8E2BCC9A24009D8EFC /* LocationManager.swift in Sources */,
				8FA187CF2BA7C6FF00AADB8C /* WorkoutViewModel.swift in Sources */,
				8F47AF852BCB3F28009D8EFC /* Entity+CoreDataClass.swift in Sources */,
				8FA187CB2BA7C24B00AADB8C /* CredentialViewModel.swift in Sources */,
			);
			runOnlyForDeploymentPostprocessing = 0;
		};
		8FA187A72BA7BFC000AADB8C /* Sources */ = {
			isa = PBXSourcesBuildPhase;
			buildActionMask = 2147483647;
			files = (
				8FA187B02BA7BFC000AADB8C /* finalprojectTests.swift in Sources */,
			);
			runOnlyForDeploymentPostprocessing = 0;
		};
		8FA187B12BA7BFC000AADB8C /* Sources */ = {
			isa = PBXSourcesBuildPhase;
			buildActionMask = 2147483647;
			files = (
				8FA187BA2BA7BFC000AADB8C /* finalprojectUITests.swift in Sources */,
				8FA187BC2BA7BFC000AADB8C /* finalprojectUITestsLaunchTests.swift in Sources */,
			);
			runOnlyForDeploymentPostprocessing = 0;
		};
/* End PBXSourcesBuildPhase section */

/* Begin PBXTargetDependency section */
		8FA187AD2BA7BFC000AADB8C /* PBXTargetDependency */ = {
			isa = PBXTargetDependency;
			target = 8FA187992BA7BFBF00AADB8C /* finalproject */;
			targetProxy = 8FA187AC2BA7BFC000AADB8C /* PBXContainerItemProxy */;
		};
		8FA187B72BA7BFC000AADB8C /* PBXTargetDependency */ = {
			isa = PBXTargetDependency;
			target = 8FA187992BA7BFBF00AADB8C /* finalproject */;
			targetProxy = 8FA187B62BA7BFC000AADB8C /* PBXContainerItemProxy */;
		};
/* End PBXTargetDependency section */

/* Begin XCBuildConfiguration section */
		8FA187BD2BA7BFC000AADB8C /* Debug */ = {
			isa = XCBuildConfiguration;
			buildSettings = {
				ALWAYS_SEARCH_USER_PATHS = NO;
				ASSETCATALOG_COMPILER_GENERATE_SWIFT_ASSET_SYMBOL_EXTENSIONS = YES;
				CLANG_ANALYZER_NONNULL = YES;
				CLANG_ANALYZER_NUMBER_OBJECT_CONVERSION = YES_AGGRESSIVE;
				CLANG_CXX_LANGUAGE_STANDARD = "gnu++20";
				CLANG_ENABLE_MODULES = YES;
				CLANG_ENABLE_OBJC_ARC = YES;
				CLANG_ENABLE_OBJC_WEAK = YES;
				CLANG_WARN_BLOCK_CAPTURE_AUTORELEASING = YES;
				CLANG_WARN_BOOL_CONVERSION = YES;
				CLANG_WARN_COMMA = YES;
				CLANG_WARN_CONSTANT_CONVERSION = YES;
				CLANG_WARN_DEPRECATED_OBJC_IMPLEMENTATIONS = YES;
				CLANG_WARN_DIRECT_OBJC_ISA_USAGE = YES_ERROR;
				CLANG_WARN_DOCUMENTATION_COMMENTS = YES;
				CLANG_WARN_EMPTY_BODY = YES;
				CLANG_WARN_ENUM_CONVERSION = YES;
				CLANG_WARN_INFINITE_RECURSION = YES;
				CLANG_WARN_INT_CONVERSION = YES;
				CLANG_WARN_NON_LITERAL_NULL_CONVERSION = YES;
				CLANG_WARN_OBJC_IMPLICIT_RETAIN_SELF = YES;
				CLANG_WARN_OBJC_LITERAL_CONVERSION = YES;
				CLANG_WARN_OBJC_ROOT_CLASS = YES_ERROR;
				CLANG_WARN_QUOTED_INCLUDE_IN_FRAMEWORK_HEADER = YES;
				CLANG_WARN_RANGE_LOOP_ANALYSIS = YES;
				CLANG_WARN_STRICT_PROTOTYPES = YES;
				CLANG_WARN_SUSPICIOUS_MOVE = YES;
				CLANG_WARN_UNGUARDED_AVAILABILITY = YES_AGGRESSIVE;
				CLANG_WARN_UNREACHABLE_CODE = YES;
				CLANG_WARN__DUPLICATE_METHOD_MATCH = YES;
				COPY_PHASE_STRIP = NO;
				DEBUG_INFORMATION_FORMAT = dwarf;
				ENABLE_STRICT_OBJC_MSGSEND = YES;
				ENABLE_TESTABILITY = YES;
				ENABLE_USER_SCRIPT_SANDBOXING = YES;
				GCC_C_LANGUAGE_STANDARD = gnu17;
				GCC_DYNAMIC_NO_PIC = NO;
				GCC_NO_COMMON_BLOCKS = YES;
				GCC_OPTIMIZATION_LEVEL = 0;
				GCC_PREPROCESSOR_DEFINITIONS = (
					"DEBUG=1",
					"$(inherited)",
				);
				GCC_WARN_64_TO_32_BIT_CONVERSION = YES;
				GCC_WARN_ABOUT_RETURN_TYPE = YES_ERROR;
				GCC_WARN_UNDECLARED_SELECTOR = YES;
				GCC_WARN_UNINITIALIZED_AUTOS = YES_AGGRESSIVE;
				GCC_WARN_UNUSED_FUNCTION = YES;
				GCC_WARN_UNUSED_VARIABLE = YES;
				LOCALIZATION_PREFERS_STRING_CATALOGS = YES;
				MTL_ENABLE_DEBUG_INFO = INCLUDE_SOURCE;
				MTL_FAST_MATH = YES;
				ONLY_ACTIVE_ARCH = YES;
				SWIFT_ACTIVE_COMPILATION_CONDITIONS = "DEBUG $(inherited)";
				SWIFT_OPTIMIZATION_LEVEL = "-Onone";
			};
			name = Debug;
		};
		8FA187BE2BA7BFC000AADB8C /* Release */ = {
			isa = XCBuildConfiguration;
			buildSettings = {
				ALWAYS_SEARCH_USER_PATHS = NO;
				ASSETCATALOG_COMPILER_GENERATE_SWIFT_ASSET_SYMBOL_EXTENSIONS = YES;
				CLANG_ANALYZER_NONNULL = YES;
				CLANG_ANALYZER_NUMBER_OBJECT_CONVERSION = YES_AGGRESSIVE;
				CLANG_CXX_LANGUAGE_STANDARD = "gnu++20";
				CLANG_ENABLE_MODULES = YES;
				CLANG_ENABLE_OBJC_ARC = YES;
				CLANG_ENABLE_OBJC_WEAK = YES;
				CLANG_WARN_BLOCK_CAPTURE_AUTORELEASING = YES;
				CLANG_WARN_BOOL_CONVERSION = YES;
				CLANG_WARN_COMMA = YES;
				CLANG_WARN_CONSTANT_CONVERSION = YES;
				CLANG_WARN_DEPRECATED_OBJC_IMPLEMENTATIONS = YES;
				CLANG_WARN_DIRECT_OBJC_ISA_USAGE = YES_ERROR;
				CLANG_WARN_DOCUMENTATION_COMMENTS = YES;
				CLANG_WARN_EMPTY_BODY = YES;
				CLANG_WARN_ENUM_CONVERSION = YES;
				CLANG_WARN_INFINITE_RECURSION = YES;
				CLANG_WARN_INT_CONVERSION = YES;
				CLANG_WARN_NON_LITERAL_NULL_CONVERSION = YES;
				CLANG_WARN_OBJC_IMPLICIT_RETAIN_SELF = YES;
				CLANG_WARN_OBJC_LITERAL_CONVERSION = YES;
				CLANG_WARN_OBJC_ROOT_CLASS = YES_ERROR;
				CLANG_WARN_QUOTED_INCLUDE_IN_FRAMEWORK_HEADER = YES;
				CLANG_WARN_RANGE_LOOP_ANALYSIS = YES;
				CLANG_WARN_STRICT_PROTOTYPES = YES;
				CLANG_WARN_SUSPICIOUS_MOVE = YES;
				CLANG_WARN_UNGUARDED_AVAILABILITY = YES_AGGRESSIVE;
				CLANG_WARN_UNREACHABLE_CODE = YES;
				CLANG_WARN__DUPLICATE_METHOD_MATCH = YES;
				COPY_PHASE_STRIP = NO;
				DEBUG_INFORMATION_FORMAT = "dwarf-with-dsym";
				ENABLE_NS_ASSERTIONS = NO;
				ENABLE_STRICT_OBJC_MSGSEND = YES;
				ENABLE_USER_SCRIPT_SANDBOXING = YES;
				GCC_C_LANGUAGE_STANDARD = gnu17;
				GCC_NO_COMMON_BLOCKS = YES;
				GCC_WARN_64_TO_32_BIT_CONVERSION = YES;
				GCC_WARN_ABOUT_RETURN_TYPE = YES_ERROR;
				GCC_WARN_UNDECLARED_SELECTOR = YES;
				GCC_WARN_UNINITIALIZED_AUTOS = YES_AGGRESSIVE;
				GCC_WARN_UNUSED_FUNCTION = YES;
				GCC_WARN_UNUSED_VARIABLE = YES;
				LOCALIZATION_PREFERS_STRING_CATALOGS = YES;
				MTL_ENABLE_DEBUG_INFO = NO;
				MTL_FAST_MATH = YES;
				SWIFT_COMPILATION_MODE = wholemodule;
			};
			name = Release;
		};
		8FA187C02BA7BFC000AADB8C /* Debug */ = {
			isa = XCBuildConfiguration;
			buildSettings = {
				ASSETCATALOG_COMPILER_APPICON_NAME = AppIcon;
				ASSETCATALOG_COMPILER_GLOBAL_ACCENT_COLOR_NAME = AccentColor;
				CODE_SIGN_ENTITLEMENTS = finalproject/finalproject.entitlements;
				CODE_SIGN_STYLE = Automatic;
				CURRENT_PROJECT_VERSION = 1;
				DEVELOPMENT_ASSET_PATHS = "\"finalproject/Preview Content\"";
				ENABLE_PREVIEWS = YES;
				GENERATE_INFOPLIST_FILE = YES;
				"INFOPLIST_KEY_UIApplicationSceneManifest_Generation[sdk=iphoneos*]" = YES;
				"INFOPLIST_KEY_UIApplicationSceneManifest_Generation[sdk=iphonesimulator*]" = YES;
				"INFOPLIST_KEY_UIApplicationSupportsIndirectInputEvents[sdk=iphoneos*]" = YES;
				"INFOPLIST_KEY_UIApplicationSupportsIndirectInputEvents[sdk=iphonesimulator*]" = YES;
				"INFOPLIST_KEY_UILaunchScreen_Generation[sdk=iphoneos*]" = YES;
				"INFOPLIST_KEY_UILaunchScreen_Generation[sdk=iphonesimulator*]" = YES;
				"INFOPLIST_KEY_UIStatusBarStyle[sdk=iphoneos*]" = UIStatusBarStyleDefault;
				"INFOPLIST_KEY_UIStatusBarStyle[sdk=iphonesimulator*]" = UIStatusBarStyleDefault;
				INFOPLIST_KEY_UISupportedInterfaceOrientations_iPad = "UIInterfaceOrientationPortrait UIInterfaceOrientationPortraitUpsideDown UIInterfaceOrientationLandscapeLeft UIInterfaceOrientationLandscapeRight";
				INFOPLIST_KEY_UISupportedInterfaceOrientations_iPhone = "UIInterfaceOrientationPortrait UIInterfaceOrientationLandscapeLeft UIInterfaceOrientationLandscapeRight";
				IPHONEOS_DEPLOYMENT_TARGET = 17.2;
				LD_RUNPATH_SEARCH_PATHS = "@executable_path/Frameworks";
				"LD_RUNPATH_SEARCH_PATHS[sdk=macosx*]" = "@executable_path/../Frameworks";
				MACOSX_DEPLOYMENT_TARGET = 14.2;
				MARKETING_VERSION = 1.0;
				PRODUCT_BUNDLE_IDENTIFIER = andrewbunag.finalproject;
				PRODUCT_NAME = "$(TARGET_NAME)";
				SDKROOT = auto;
				SUPPORTED_PLATFORMS = "iphoneos iphonesimulator macosx";
				SWIFT_EMIT_LOC_STRINGS = YES;
				SWIFT_VERSION = 5.0;
				TARGETED_DEVICE_FAMILY = "1,2";
			};
			name = Debug;
		};
		8FA187C12BA7BFC000AADB8C /* Release */ = {
			isa = XCBuildConfiguration;
			buildSettings = {
				ASSETCATALOG_COMPILER_APPICON_NAME = AppIcon;
				ASSETCATALOG_COMPILER_GLOBAL_ACCENT_COLOR_NAME = AccentColor;
				CODE_SIGN_ENTITLEMENTS = finalproject/finalproject.entitlements;
				CODE_SIGN_STYLE = Automatic;
				CURRENT_PROJECT_VERSION = 1;
				DEVELOPMENT_ASSET_PATHS = "\"finalproject/Preview Content\"";
				ENABLE_PREVIEWS = YES;
				GENERATE_INFOPLIST_FILE = YES;
				"INFOPLIST_KEY_UIApplicationSceneManifest_Generation[sdk=iphoneos*]" = YES;
				"INFOPLIST_KEY_UIApplicationSceneManifest_Generation[sdk=iphonesimulator*]" = YES;
				"INFOPLIST_KEY_UIApplicationSupportsIndirectInputEvents[sdk=iphoneos*]" = YES;
				"INFOPLIST_KEY_UIApplicationSupportsIndirectInputEvents[sdk=iphonesimulator*]" = YES;
				"INFOPLIST_KEY_UILaunchScreen_Generation[sdk=iphoneos*]" = YES;
				"INFOPLIST_KEY_UILaunchScreen_Generation[sdk=iphonesimulator*]" = YES;
				"INFOPLIST_KEY_UIStatusBarStyle[sdk=iphoneos*]" = UIStatusBarStyleDefault;
				"INFOPLIST_KEY_UIStatusBarStyle[sdk=iphonesimulator*]" = UIStatusBarStyleDefault;
				INFOPLIST_KEY_UISupportedInterfaceOrientations_iPad = "UIInterfaceOrientationPortrait UIInterfaceOrientationPortraitUpsideDown UIInterfaceOrientationLandscapeLeft UIInterfaceOrientationLandscapeRight";
				INFOPLIST_KEY_UISupportedInterfaceOrientations_iPhone = "UIInterfaceOrientationPortrait UIInterfaceOrientationLandscapeLeft UIInterfaceOrientationLandscapeRight";
				IPHONEOS_DEPLOYMENT_TARGET = 17.2;
				LD_RUNPATH_SEARCH_PATHS = "@executable_path/Frameworks";
				"LD_RUNPATH_SEARCH_PATHS[sdk=macosx*]" = "@executable_path/../Frameworks";
				MACOSX_DEPLOYMENT_TARGET = 14.2;
				MARKETING_VERSION = 1.0;
				PRODUCT_BUNDLE_IDENTIFIER = andrewbunag.finalproject;
				PRODUCT_NAME = "$(TARGET_NAME)";
				SDKROOT = auto;
				SUPPORTED_PLATFORMS = "iphoneos iphonesimulator macosx";
				SWIFT_EMIT_LOC_STRINGS = YES;
				SWIFT_VERSION = 5.0;
				TARGETED_DEVICE_FAMILY = "1,2";
			};
			name = Release;
		};
		8FA187C32BA7BFC000AADB8C /* Debug */ = {
			isa = XCBuildConfiguration;
			buildSettings = {
				ALWAYS_EMBED_SWIFT_STANDARD_LIBRARIES = YES;
				BUNDLE_LOADER = "$(TEST_HOST)";
				CODE_SIGN_STYLE = Automatic;
				CURRENT_PROJECT_VERSION = 1;
				GENERATE_INFOPLIST_FILE = YES;
				IPHONEOS_DEPLOYMENT_TARGET = 17.2;
				MACOSX_DEPLOYMENT_TARGET = 14.2;
				MARKETING_VERSION = 1.0;
				PRODUCT_BUNDLE_IDENTIFIER = andrewbunag.finalprojectTests;
				PRODUCT_NAME = "$(TARGET_NAME)";
				SDKROOT = auto;
				SUPPORTED_PLATFORMS = "iphoneos iphonesimulator macosx";
				SWIFT_EMIT_LOC_STRINGS = NO;
				SWIFT_VERSION = 5.0;
				TARGETED_DEVICE_FAMILY = "1,2";
				TEST_HOST = "$(BUILT_PRODUCTS_DIR)/finalproject.app/$(BUNDLE_EXECUTABLE_FOLDER_PATH)/finalproject";
			};
			name = Debug;
		};
		8FA187C42BA7BFC000AADB8C /* Release */ = {
			isa = XCBuildConfiguration;
			buildSettings = {
				ALWAYS_EMBED_SWIFT_STANDARD_LIBRARIES = YES;
				BUNDLE_LOADER = "$(TEST_HOST)";
				CODE_SIGN_STYLE = Automatic;
				CURRENT_PROJECT_VERSION = 1;
				GENERATE_INFOPLIST_FILE = YES;
				IPHONEOS_DEPLOYMENT_TARGET = 17.2;
				MACOSX_DEPLOYMENT_TARGET = 14.2;
				MARKETING_VERSION = 1.0;
				PRODUCT_BUNDLE_IDENTIFIER = andrewbunag.finalprojectTests;
				PRODUCT_NAME = "$(TARGET_NAME)";
				SDKROOT = auto;
				SUPPORTED_PLATFORMS = "iphoneos iphonesimulator macosx";
				SWIFT_EMIT_LOC_STRINGS = NO;
				SWIFT_VERSION = 5.0;
				TARGETED_DEVICE_FAMILY = "1,2";
				TEST_HOST = "$(BUILT_PRODUCTS_DIR)/finalproject.app/$(BUNDLE_EXECUTABLE_FOLDER_PATH)/finalproject";
			};
			name = Release;
		};
		8FA187C62BA7BFC000AADB8C /* Debug */ = {
			isa = XCBuildConfiguration;
			buildSettings = {
				ALWAYS_EMBED_SWIFT_STANDARD_LIBRARIES = YES;
				CODE_SIGN_STYLE = Automatic;
				CURRENT_PROJECT_VERSION = 1;
				GENERATE_INFOPLIST_FILE = YES;
				IPHONEOS_DEPLOYMENT_TARGET = 17.2;
				MACOSX_DEPLOYMENT_TARGET = 14.2;
				MARKETING_VERSION = 1.0;
				PRODUCT_BUNDLE_IDENTIFIER = andrewbunag.finalprojectUITests;
				PRODUCT_NAME = "$(TARGET_NAME)";
				SDKROOT = auto;
				SUPPORTED_PLATFORMS = "iphoneos iphonesimulator macosx";
				SWIFT_EMIT_LOC_STRINGS = NO;
				SWIFT_VERSION = 5.0;
				TARGETED_DEVICE_FAMILY = "1,2";
				TEST_TARGET_NAME = finalproject;
			};
			name = Debug;
		};
		8FA187C72BA7BFC000AADB8C /* Release */ = {
			isa = XCBuildConfiguration;
			buildSettings = {
				ALWAYS_EMBED_SWIFT_STANDARD_LIBRARIES = YES;
				CODE_SIGN_STYLE = Automatic;
				CURRENT_PROJECT_VERSION = 1;
				GENERATE_INFOPLIST_FILE = YES;
				IPHONEOS_DEPLOYMENT_TARGET = 17.2;
				MACOSX_DEPLOYMENT_TARGET = 14.2;
				MARKETING_VERSION = 1.0;
				PRODUCT_BUNDLE_IDENTIFIER = andrewbunag.finalprojectUITests;
				PRODUCT_NAME = "$(TARGET_NAME)";
				SDKROOT = auto;
				SUPPORTED_PLATFORMS = "iphoneos iphonesimulator macosx";
				SWIFT_EMIT_LOC_STRINGS = NO;
				SWIFT_VERSION = 5.0;
				TARGETED_DEVICE_FAMILY = "1,2";
				TEST_TARGET_NAME = finalproject;
			};
			name = Release;
		};
/* End XCBuildConfiguration section */

/* Begin XCConfigurationList section */
		8FA187952BA7BFBF00AADB8C /* Build configuration list for PBXProject "finalproject" */ = {
			isa = XCConfigurationList;
			buildConfigurations = (
				8FA187BD2BA7BFC000AADB8C /* Debug */,
				8FA187BE2BA7BFC000AADB8C /* Release */,
			);
			defaultConfigurationIsVisible = 0;
			defaultConfigurationName = Release;
		};
		8FA187BF2BA7BFC000AADB8C /* Build configuration list for PBXNativeTarget "finalproject" */ = {
			isa = XCConfigurationList;
			buildConfigurations = (
				8FA187C02BA7BFC000AADB8C /* Debug */,
				8FA187C12BA7BFC000AADB8C /* Release */,
			);
			defaultConfigurationIsVisible = 0;
			defaultConfigurationName = Release;
		};
		8FA187C22BA7BFC000AADB8C /* Build configuration list for PBXNativeTarget "finalprojectTests" */ = {
			isa = XCConfigurationList;
			buildConfigurations = (
				8FA187C32BA7BFC000AADB8C /* Debug */,
				8FA187C42BA7BFC000AADB8C /* Release */,
			);
			defaultConfigurationIsVisible = 0;
			defaultConfigurationName = Release;
		};
		8FA187C52BA7BFC000AADB8C /* Build configuration list for PBXNativeTarget "finalprojectUITests" */ = {
			isa = XCConfigurationList;
			buildConfigurations = (
				8FA187C62BA7BFC000AADB8C /* Debug */,
				8FA187C72BA7BFC000AADB8C /* Release */,
			);
			defaultConfigurationIsVisible = 0;
			defaultConfigurationName = Release;
		};
/* End XCConfigurationList section */

/* Begin XCVersionGroup section */
		8F47AF7C2BCB3D80009D8EFC /* workoutData.xcdatamodeld */ = {
			isa = XCVersionGroup;
			children = (
				8F47AF7D2BCB3D80009D8EFC /* workoutData.xcdatamodel */,
			);
			currentVersion = 8F47AF7D2BCB3D80009D8EFC /* workoutData.xcdatamodel */;
			path = workoutData.xcdatamodeld;
			sourceTree = "<group>";
			versionGroupType = wrapper.xcdatamodel;
		};
/* End XCVersionGroup section */
	};
	rootObject = 8FA187922BA7BFBF00AADB8C /* Project object */;
}
